
Microsoft Visual Studio Solution File, Format Version 12.00
# Visual Studio Version 16
VisualStudioVersion = 16.0.31205.134
MinimumVisualStudioVersion = 10.0.40219.1
Project("{9A19103F-16F7-4668-BE54-9A1E7A4F7556}") = "RandomRect01", "RandomRect01\RandomRect01.csproj", "{DE1FAC83-70D4-4C5A-9C96-C3B966AC4750}"
EndProject
Project("{9A19103F-16F7-4668-BE54-9A1E7A4F7556}") = "RandomRect02", "RandomRect02\RandomRect02.csproj", "{C2BBB907-27DC-48BD-9EDD-B522CF2A6F60}"
EndProject
Project("{9A19103F-16F7-4668-BE54-9A1E7A4F7556}") = "AsyncAwait01", "AsyncAwait01\AsyncAwait01.csproj", "{4943AD87-D110-4CFB-9BAA-260CB8167771}"
EndProject
Project("{9A19103F-16F7-4668-BE54-9A1E7A4F7556}") = "Graph01", "Graph01\Graph01.csproj", "{61A87EC7-D98A-4C96-BCB4-6FABFFEEBFF5}"
EndProject
Project("{9A19103F-16F7-4668-BE54-9A1E7A4F7556}") = "ResizableRect", "ResizableRect\ResizableRect.csproj", "{ECEEDEFE-B71E-416A-BA21-A4DE3D0BE7E3}"
EndProject
Project("{9A19103F-16F7-4668-BE54-9A1E7A4F7556}") = "ThumbSample01", "ThumbSample01\ThumbSample01.csproj", "{9191600E-B506-438A-837F-BEF9E26C9571}"
EndProject
Project("{9A19103F-16F7-4668-BE54-9A1E7A4F7556}") = "ThumbSample02", "ThumbSample02\ThumbSample02.csproj", "{92993ABA-1C6B-420E-BD66-FF4C720014C6}"
EndProject
Project("{9A19103F-16F7-4668-BE54-9A1E7A4F7556}") = "ThumbSample03", "ThumbSample03\ThumbSample03.csproj", "{E2B33AC0-99BB-46C3-8F67-89669B8BB208}"
EndProject
Project("{9A19103F-16F7-4668-BE54-9A1E7A4F7556}") = "Graph02", "Graph02\Graph02.csproj", "{4B05820B-857E-4919-93A0-79DFE3E6B9AA}"
EndProject
Project("{9A19103F-16F7-4668-BE54-9A1E7A4F7556}") = "Graph03", "Graph03\Graph03.csproj", "{EC3644E6-3799-4102-A838-C254DD3510CC}"
EndProject
Project("{9A19103F-16F7-4668-BE54-9A1E7A4F7556}") = "Graph04", "Graph04\Graph04.csproj", "{CAC59FE7-05FF-4753-97CE-FD788788C845}"
EndProject
Project("{9A19103F-16F7-4668-BE54-9A1E7A4F7556}") = "Graph05", "Graph05\Graph05.csproj", "{3C574FA0-B7B3-472C-BF08-860E7E173B4B}"
EndProject
Project("{9A19103F-16F7-4668-BE54-9A1E7A4F7556}") = "Graph06", "Graph06\Graph06.csproj", "{CEEF3FF6-6E0E-4947-A03A-170846201C52}"
EndProject
Project("{9A19103F-16F7-4668-BE54-9A1E7A4F7556}") = "Graph07", "Graph07\Graph07.csproj", "{F28972D4-D570-4937-BDF3-EADA877D0969}"
EndProject
Global
	GlobalSection(SolutionConfigurationPlatforms) = preSolution
		Debug|Any CPU = Debug|Any CPU
		Release|Any CPU = Release|Any CPU
	EndGlobalSection
	GlobalSection(ProjectConfigurationPlatforms) = postSolution
		{DE1FAC83-70D4-4C5A-9C96-C3B966AC4750}.Debug|Any CPU.ActiveCfg = Debug|Any CPU
		{DE1FAC83-70D4-4C5A-9C96-C3B966AC4750}.Debug|Any CPU.Build.0 = Debug|Any CPU
		{DE1FAC83-70D4-4C5A-9C96-C3B966AC4750}.Release|Any CPU.ActiveCfg = Release|Any CPU
		{DE1FAC83-70D4-4C5A-9C96-C3B966AC4750}.Release|Any CPU.Build.0 = Release|Any CPU
		{C2BBB907-27DC-48BD-9EDD-B522CF2A6F60}.Debug|Any CPU.ActiveCfg = Debug|Any CPU
		{C2BBB907-27DC-48BD-9EDD-B522CF2A6F60}.Debug|Any CPU.Build.0 = Debug|Any CPU
		{C2BBB907-27DC-48BD-9EDD-B522CF2A6F60}.Release|Any CPU.ActiveCfg = Release|Any CPU
		{C2BBB907-27DC-48BD-9EDD-B522CF2A6F60}.Release|Any CPU.Build.0 = Release|Any CPU
		{4943AD87-D110-4CFB-9BAA-260CB8167771}.Debug|Any CPU.ActiveCfg = Debug|Any CPU
		{4943AD87-D110-4CFB-9BAA-260CB8167771}.Debug|Any CPU.Build.0 = Debug|Any CPU
		{4943AD87-D110-4CFB-9BAA-260CB8167771}.Release|Any CPU.ActiveCfg = Release|Any CPU
		{4943AD87-D110-4CFB-9BAA-260CB8167771}.Release|Any CPU.Build.0 = Release|Any CPU
		{61A87EC7-D98A-4C96-BCB4-6FABFFEEBFF5}.Debug|Any CPU.ActiveCfg = Debug|Any CPU
		{61A87EC7-D98A-4C96-BCB4-6FABFFEEBFF5}.Debug|Any CPU.Build.0 = Debug|Any CPU
		{61A87EC7-D98A-4C96-BCB4-6FABFFEEBFF5}.Release|Any CPU.ActiveCfg = Release|Any CPU
		{61A87EC7-D98A-4C96-BCB4-6FABFFEEBFF5}.Release|Any CPU.Build.0 = Release|Any CPU
		{ECEEDEFE-B71E-416A-BA21-A4DE3D0BE7E3}.Debug|Any CPU.ActiveCfg = Debug|Any CPU
		{ECEEDEFE-B71E-416A-BA21-A4DE3D0BE7E3}.Debug|Any CPU.Build.0 = Debug|Any CPU
		{ECEEDEFE-B71E-416A-BA21-A4DE3D0BE7E3}.Release|Any CPU.ActiveCfg = Release|Any CPU
		{ECEEDEFE-B71E-416A-BA21-A4DE3D0BE7E3}.Release|Any CPU.Build.0 = Release|Any CPU
		{9191600E-B506-438A-837F-BEF9E26C9571}.Debug|Any CPU.ActiveCfg = Debug|Any CPU
		{9191600E-B506-438A-837F-BEF9E26C9571}.Debug|Any CPU.Build.0 = Debug|Any CPU
		{9191600E-B506-438A-837F-BEF9E26C9571}.Release|Any CPU.ActiveCfg = Release|Any CPU
		{9191600E-B506-438A-837F-BEF9E26C9571}.Release|Any CPU.Build.0 = Release|Any CPU
		{92993ABA-1C6B-420E-BD66-FF4C720014C6}.Debug|Any CPU.ActiveCfg = Debug|Any CPU
		{92993ABA-1C6B-420E-BD66-FF4C720014C6}.Debug|Any CPU.Build.0 = Debug|Any CPU
		{92993ABA-1C6B-420E-BD66-FF4C720014C6}.Release|Any CPU.ActiveCfg = Release|Any CPU
		{92993ABA-1C6B-420E-BD66-FF4C720014C6}.Release|Any CPU.Build.0 = Release|Any CPU
		{E2B33AC0-99BB-46C3-8F67-89669B8BB208}.Debug|Any CPU.ActiveCfg = Debug|Any CPU
		{E2B33AC0-99BB-46C3-8F67-89669B8BB208}.Debug|Any CPU.Build.0 = Debug|Any CPU
		{E2B33AC0-99BB-46C3-8F67-89669B8BB208}.Release|Any CPU.ActiveCfg = Release|Any CPU
		{E2B33AC0-99BB-46C3-8F67-89669B8BB208}.Release|Any CPU.Build.0 = Release|Any CPU
		{4B05820B-857E-4919-93A0-79DFE3E6B9AA}.Debug|Any CPU.ActiveCfg = Debug|Any CPU
		{4B05820B-857E-4919-93A0-79DFE3E6B9AA}.Debug|Any CPU.Build.0 = Debug|Any CPU
		{4B05820B-857E-4919-93A0-79DFE3E6B9AA}.Release|Any CPU.ActiveCfg = Release|Any CPU
		{4B05820B-857E-4919-93A0-79DFE3E6B9AA}.Release|Any CPU.Build.0 = Release|Any CPU
		{EC3644E6-3799-4102-A838-C254DD3510CC}.Debug|Any CPU.ActiveCfg = Debug|Any CPU
		{EC3644E6-3799-4102-A838-C254DD3510CC}.Debug|Any CPU.Build.0 = Debug|Any CPU
		{EC3644E6-3799-4102-A838-C254DD3510CC}.Release|Any CPU.ActiveCfg = Release|Any CPU
		{EC3644E6-3799-4102-A838-C254DD3510CC}.Release|Any CPU.Build.0 = Release|Any CPU
		{CAC59FE7-05FF-4753-97CE-FD788788C845}.Debug|Any CPU.ActiveCfg = Debug|Any CPU
		{CAC59FE7-05FF-4753-97CE-FD788788C845}.Debug|Any CPU.Build.0 = Debug|Any CPU
		{CAC59FE7-05FF-4753-97CE-FD788788C845}.Release|Any CPU.ActiveCfg = Release|Any CPU
		{CAC59FE7-05FF-4753-97CE-FD788788C845}.Release|Any CPU.Build.0 = Release|Any CPU
		{3C574FA0-B7B3-472C-BF08-860E7E173B4B}.Debug|Any CPU.ActiveCfg = Debug|Any CPU
		{3C574FA0-B7B3-472C-BF08-860E7E173B4B}.Debug|Any CPU.Build.0 = Debug|Any CPU
		{3C574FA0-B7B3-472C-BF08-860E7E173B4B}.Release|Any CPU.ActiveCfg = Release|Any CPU
		{3C574FA0-B7B3-472C-BF08-860E7E173B4B}.Release|Any CPU.Build.0 = Release|Any CPU
		{CEEF3FF6-6E0E-4947-A03A-170846201C52}.Debug|Any CPU.ActiveCfg = Debug|Any CPU
		{CEEF3FF6-6E0E-4947-A03A-170846201C52}.Debug|Any CPU.Build.0 = Debug|Any CPU
		{CEEF3FF6-6E0E-4947-A03A-170846201C52}.Release|Any CPU.ActiveCfg = Release|Any CPU
		{CEEF3FF6-6E0E-4947-A03A-170846201C52}.Release|Any CPU.Build.0 = Release|Any CPU
		{F28972D4-D570-4937-BDF3-EADA877D0969}.Debug|Any CPU.ActiveCfg = Debug|Any CPU
		{F28972D4-D570-4937-BDF3-EADA877D0969}.Debug|Any CPU.Build.0 = Debug|Any CPU
		{F28972D4-D570-4937-BDF3-EADA877D0969}.Release|Any CPU.ActiveCfg = Release|Any CPU
		{F28972D4-D570-4937-BDF3-EADA877D0969}.Release|Any CPU.Build.0 = Release|Any CPU
	EndGlobalSection
	GlobalSection(SolutionProperties) = preSolution
		HideSolutionNode = FALSE
	EndGlobalSection
	GlobalSection(ExtensibilityGlobals) = postSolution
		SolutionGuid = {39724843-E692-4264-A02A-2D2C590E6315}
	EndGlobalSection
EndGlobal
